
Microsoft Visual Studio Solution File, Format Version 12.00
# Visual Studio Version 17
VisualStudioVersion = 17.11.35303.130
MinimumVisualStudioVersion = 10.0.40219.1
Project("{FAE04EC0-301F-11D3-BF4B-00C04F79EFBC}") = "EmployeeManagementAutomation", "EmployeeManagementAutomation\EmployeeManagementAutomation.csproj", "{8BA2017A-50CB-49BC-B06E-2477B7884054}"
EndProject
Global
	GlobalSection(SolutionConfigurationPlatforms) = preSolution
		Debug|Any CPU = Debug|Any CPU
		Release|Any CPU = Release|Any CPU
	EndGlobalSection
	GlobalSection(ProjectConfigurationPlatforms) = postSolution
		{8BA2017A-50CB-49BC-B06E-2477B7884054}.Debug|Any CPU.ActiveCfg = Debug|Any CPU
		{8BA2017A-50CB-49BC-B06E-2477B7884054}.Debug|Any CPU.Build.0 = Debug|Any CPU
		{8BA2017A-50CB-49BC-B06E-2477B7884054}.Release|Any CPU.ActiveCfg = Release|Any CPU
		{8BA2017A-50CB-49BC-B06E-2477B7884054}.Release|Any CPU.Build.0 = Release|Any CPU
	EndGlobalSection
	GlobalSection(SolutionProperties) = preSolution
		HideSolutionNode = FALSE
	EndGlobalSection
	GlobalSection(ExtensibilityGlobals) = postSolution
		SolutionGuid = {37E7D50E-2495-4363-B50C-EFF4B9C59063}
	EndGlobalSection
EndGlobal
